{
    "name": "meom-filters",
    "version": "1.0",
    "lockfileVersion": 2,
    "requires": true,
    "packages": {
        "": {
            "name": "meom-filters",
            "version": "1.0",
            "license": "GPL-2.0-or-later",
            "dependencies": {
                "@wordpress/a11y": "^3.2.4",
                "@wordpress/url": "^3.3.1"
            },
            "engines": {
                "node": ">=14.0.0",
                "npm": ">=7.0.0"
            }
        },
        "node_modules/@babel/runtime": {
            "version": "7.16.3",
            "resolved": "https://registry.npmjs.org/@babel/runtime/-/runtime-7.16.3.tgz",
            "integrity": "sha512-WBwekcqacdY2e9AF/Q7WLFUWmdJGJTkbjqTjoMDgXkVZ3ZRUvOPsLb5KdwISoQVsbP+DQzVZW4Zhci0DvpbNTQ==",
            "dependencies": {
                "regenerator-runtime": "^0.13.4"
            },
            "engines": {
                "node": ">=6.9.0"
            }
        },
        "node_modules/@tannin/compile": {
            "version": "1.1.0",
            "resolved": "https://registry.npmjs.org/@tannin/compile/-/compile-1.1.0.tgz",
            "integrity": "sha512-n8m9eNDfoNZoxdvWiTfW/hSPhehzLJ3zW7f8E7oT6mCROoMNWCB4TYtv041+2FMAxweiE0j7i1jubQU4MEC/Gg==",
            "dependencies": {
                "@tannin/evaluate": "^1.2.0",
                "@tannin/postfix": "^1.1.0"
            }
        },
        "node_modules/@tannin/evaluate": {
            "version": "1.2.0",
            "resolved": "https://registry.npmjs.org/@tannin/evaluate/-/evaluate-1.2.0.tgz",
            "integrity": "sha512-3ioXvNowbO/wSrxsDG5DKIMxC81P0QrQTYai8zFNY+umuoHWRPbQ/TuuDEOju9E+jQDXmj6yI5GyejNuh8I+eg=="
        },
        "node_modules/@tannin/plural-forms": {
            "version": "1.1.0",
            "resolved": "https://registry.npmjs.org/@tannin/plural-forms/-/plural-forms-1.1.0.tgz",
            "integrity": "sha512-xl9R2mDZO/qiHam1AgMnAES6IKIg7OBhcXqy6eDsRCdXuxAFPcjrej9HMjyCLE0DJ/8cHf0i5OQTstuBRhpbHw==",
            "dependencies": {
                "@tannin/compile": "^1.1.0"
            }
        },
        "node_modules/@tannin/postfix": {
            "version": "1.1.0",
            "resolved": "https://registry.npmjs.org/@tannin/postfix/-/postfix-1.1.0.tgz",
            "integrity": "sha512-oocsqY7g0cR+Gur5jRQLSrX2OtpMLMse1I10JQBm8CdGMrDkh1Mg2gjsiquMHRtBs4Qwu5wgEp5GgIYHk4SNPw=="
        },
        "node_modules/@wordpress/a11y": {
            "version": "3.2.4",
            "resolved": "https://registry.npmjs.org/@wordpress/a11y/-/a11y-3.2.4.tgz",
            "integrity": "sha512-RhDZciRy6XUx/hegJdJTgAtC/6i7DjfpUYJdy6McwvWXs56tMmCo+wBYQvC3G//+2VYdYYkwDZ8Z6eVUBSJ17w==",
            "dependencies": {
                "@babel/runtime": "^7.16.0",
                "@wordpress/dom-ready": "^3.2.3",
                "@wordpress/i18n": "^4.2.4"
            },
            "engines": {
                "node": ">=12"
            }
        },
        "node_modules/@wordpress/a11y/node_modules/@wordpress/dom-ready": {
            "version": "3.2.3",
            "resolved": "https://registry.npmjs.org/@wordpress/dom-ready/-/dom-ready-3.2.3.tgz",
            "integrity": "sha512-AvHrfYFflycWRX8CIU7UGty05aXrKvILwrNT2YRXmOmgh+POud98QQU54hitwL2cyVkWUt8dvCNRK4nnjBqqJQ==",
            "dependencies": {
                "@babel/runtime": "^7.16.0"
            },
            "engines": {
                "node": ">=12"
            }
        },
        "node_modules/@wordpress/i18n": {
            "version": "4.2.4",
            "resolved": "https://registry.npmjs.org/@wordpress/i18n/-/i18n-4.2.4.tgz",
            "integrity": "sha512-36PnV7wTaLKCb+JZoapR3AtfrLTluhO5bIR6cUTG+QBBJ+g3gjRAdNFihnV8kz66FANu8PqDMI0T1jow/mrbYw==",
            "dependencies": {
                "@babel/runtime": "^7.16.0",
                "@wordpress/hooks": "^3.2.2",
                "gettext-parser": "^1.3.1",
                "lodash": "^4.17.21",
                "memize": "^1.1.0",
                "sprintf-js": "^1.1.1",
                "tannin": "^1.2.0"
            },
            "bin": {
                "pot-to-php": "tools/pot-to-php.js"
            },
            "engines": {
                "node": ">=12"
            }
        },
        "node_modules/@wordpress/i18n/node_modules/@wordpress/hooks": {
            "version": "3.2.2",
            "resolved": "https://registry.npmjs.org/@wordpress/hooks/-/hooks-3.2.2.tgz",
            "integrity": "sha512-MlFWyu2ttJhmzDFBVWPRwZwIMqQdHFZTjFWFWm50NlzUzIJ3gEtNA95mHNtav1Fone24N+I2YkaYMNb6PEPTyA==",
            "dependencies": {
                "@babel/runtime": "^7.16.0"
            },
            "engines": {
                "node": ">=12"
            }
        },
        "node_modules/@wordpress/url": {
            "version": "3.3.1",
            "resolved": "https://registry.npmjs.org/@wordpress/url/-/url-3.3.1.tgz",
            "integrity": "sha512-lEuvkNjPoVuzYy0zn6n9gfMdNlHJW36EsPI2yDzMICjIAV5lRv1/uOg2Ls3lbDaRR2vm1FAiMpB2RAMzfR8Nfg==",
            "dependencies": {
                "@babel/runtime": "^7.16.0",
                "lodash": "^4.17.21"
            },
            "engines": {
                "node": ">=12"
            }
        },
        "node_modules/encoding": {
            "version": "0.1.13",
            "resolved": "https://registry.npmjs.org/encoding/-/encoding-0.1.13.tgz",
            "integrity": "sha512-ETBauow1T35Y/WZMkio9jiM0Z5xjHHmJ4XmjZOq1l/dXz3lr2sRn87nJy20RupqSh1F2m3HHPSp8ShIPQJrJ3A==",
            "dependencies": {
                "iconv-lite": "^0.6.2"
            }
        },
        "node_modules/gettext-parser": {
            "version": "1.4.0",
            "resolved": "https://registry.npmjs.org/gettext-parser/-/gettext-parser-1.4.0.tgz",
            "integrity": "sha512-sedZYLHlHeBop/gZ1jdg59hlUEcpcZJofLq2JFwJT1zTqAU3l2wFv6IsuwFHGqbiT9DWzMUW4/em2+hspnmMMA==",
            "dependencies": {
                "encoding": "^0.1.12",
                "safe-buffer": "^5.1.1"
            }
        },
        "node_modules/iconv-lite": {
            "version": "0.6.3",
            "resolved": "https://registry.npmjs.org/iconv-lite/-/iconv-lite-0.6.3.tgz",
            "integrity": "sha512-4fCk79wshMdzMp2rH06qWrJE4iolqLhCUH+OiuIgU++RB0+94NlDL81atO7GX55uUKueo0txHNtvEyI6D7WdMw==",
            "dependencies": {
                "safer-buffer": ">= 2.1.2 < 3.0.0"
            },
            "engines": {
                "node": ">=0.10.0"
            }
        },
        "node_modules/lodash": {
            "version": "4.17.21",
            "resolved": "https://registry.npmjs.org/lodash/-/lodash-4.17.21.tgz",
            "integrity": "sha512-v2kDEe57lecTulaDIuNTPy3Ry4gLGJ6Z1O3vE1krgXZNrsQ+LFTGHVxVjcXPs17LhbZVGedAJv8XZ1tvj5FvSg=="
        },
        "node_modules/memize": {
            "version": "1.1.0",
            "resolved": "https://registry.npmjs.org/memize/-/memize-1.1.0.tgz",
            "integrity": "sha512-K4FcPETOMTwe7KL2LK0orMhpOmWD2wRGwWWpbZy0fyArwsyIKR8YJVz8+efBAh3BO4zPqlSICu4vsLTRRqtFAg=="
        },
        "node_modules/regenerator-runtime": {
            "version": "0.13.9",
            "resolved": "https://registry.npmjs.org/regenerator-runtime/-/regenerator-runtime-0.13.9.tgz",
            "integrity": "sha512-p3VT+cOEgxFsRRA9X4lkI1E+k2/CtnKtU4gcxyaCUreilL/vqI6CdZ3wxVUx3UOUg+gnUOQQcRI7BmSI656MYA=="
        },
        "node_modules/safe-buffer": {
            "version": "5.1.2",
            "resolved": "https://registry.npmjs.org/safe-buffer/-/safe-buffer-5.1.2.tgz",
            "integrity": "sha512-Gd2UZBJDkXlY7GbJxfsE8/nvKkUEU1G38c1siN6QP6a9PT9MmHB8GnpscSmMJSoF8LOIrt8ud/wPtojys4G6+g=="
        },
        "node_modules/safer-buffer": {
            "version": "2.1.2",
            "resolved": "https://registry.npmjs.org/safer-buffer/-/safer-buffer-2.1.2.tgz",
            "integrity": "sha512-YZo3K82SD7Riyi0E1EQPojLz7kpepnSQI9IyPbHHg1XXXevb5dJI7tpyN2ADxGcQbHG7vcyRHk0cbwqcQriUtg=="
        },
        "node_modules/sprintf-js": {
            "version": "1.1.2",
            "resolved": "https://registry.npmjs.org/sprintf-js/-/sprintf-js-1.1.2.tgz",
            "integrity": "sha512-VE0SOVEHCk7Qc8ulkWw3ntAzXuqf7S2lvwQaDLRnUeIEaKNQJzV6BwmLKhOqT61aGhfUMrXeaBk+oDGCzvhcug=="
        },
        "node_modules/tannin": {
            "version": "1.2.0",
            "resolved": "https://registry.npmjs.org/tannin/-/tannin-1.2.0.tgz",
            "integrity": "sha512-U7GgX/RcSeUETbV7gYgoz8PD7Ni4y95pgIP/Z6ayI3CfhSujwKEBlGFTCRN+Aqnuyf4AN2yHL+L8x+TCGjb9uA==",
            "dependencies": {
                "@tannin/plural-forms": "^1.1.0"
            }
        }
    },
    "dependencies": {
        "@babel/runtime": {
            "version": "7.16.3",
            "resolved": "https://registry.npmjs.org/@babel/runtime/-/runtime-7.16.3.tgz",
            "integrity": "sha512-WBwekcqacdY2e9AF/Q7WLFUWmdJGJTkbjqTjoMDgXkVZ3ZRUvOPsLb5KdwISoQVsbP+DQzVZW4Zhci0DvpbNTQ==",
            "requires": {
                "regenerator-runtime": "^0.13.4"
            }
        },
        "@tannin/compile": {
            "version": "1.1.0",
            "resolved": "https://registry.npmjs.org/@tannin/compile/-/compile-1.1.0.tgz",
            "integrity": "sha512-n8m9eNDfoNZoxdvWiTfW/hSPhehzLJ3zW7f8E7oT6mCROoMNWCB4TYtv041+2FMAxweiE0j7i1jubQU4MEC/Gg==",
            "requires": {
                "@tannin/evaluate": "^1.2.0",
                "@tannin/postfix": "^1.1.0"
            }
        },
        "@tannin/evaluate": {
            "version": "1.2.0",
            "resolved": "https://registry.npmjs.org/@tannin/evaluate/-/evaluate-1.2.0.tgz",
            "integrity": "sha512-3ioXvNowbO/wSrxsDG5DKIMxC81P0QrQTYai8zFNY+umuoHWRPbQ/TuuDEOju9E+jQDXmj6yI5GyejNuh8I+eg=="
        },
        "@tannin/plural-forms": {
            "version": "1.1.0",
            "resolved": "https://registry.npmjs.org/@tannin/plural-forms/-/plural-forms-1.1.0.tgz",
            "integrity": "sha512-xl9R2mDZO/qiHam1AgMnAES6IKIg7OBhcXqy6eDsRCdXuxAFPcjrej9HMjyCLE0DJ/8cHf0i5OQTstuBRhpbHw==",
            "requires": {
                "@tannin/compile": "^1.1.0"
            }
        },
        "@tannin/postfix": {
            "version": "1.1.0",
            "resolved": "https://registry.npmjs.org/@tannin/postfix/-/postfix-1.1.0.tgz",
            "integrity": "sha512-oocsqY7g0cR+Gur5jRQLSrX2OtpMLMse1I10JQBm8CdGMrDkh1Mg2gjsiquMHRtBs4Qwu5wgEp5GgIYHk4SNPw=="
        },
        "@wordpress/a11y": {
            "version": "3.2.4",
            "resolved": "https://registry.npmjs.org/@wordpress/a11y/-/a11y-3.2.4.tgz",
            "integrity": "sha512-RhDZciRy6XUx/hegJdJTgAtC/6i7DjfpUYJdy6McwvWXs56tMmCo+wBYQvC3G//+2VYdYYkwDZ8Z6eVUBSJ17w==",
            "requires": {
                "@babel/runtime": "^7.16.0",
                "@wordpress/dom-ready": "^3.2.3",
                "@wordpress/i18n": "^4.2.4"
            },
            "dependencies": {
                "@wordpress/dom-ready": {
                    "version": "3.2.3",
                    "resolved": "https://registry.npmjs.org/@wordpress/dom-ready/-/dom-ready-3.2.3.tgz",
                    "integrity": "sha512-AvHrfYFflycWRX8CIU7UGty05aXrKvILwrNT2YRXmOmgh+POud98QQU54hitwL2cyVkWUt8dvCNRK4nnjBqqJQ==",
                    "requires": {
                        "@babel/runtime": "^7.16.0"
                    }
                }
            }
        },
        "@wordpress/i18n": {
            "version": "4.2.4",
            "resolved": "https://registry.npmjs.org/@wordpress/i18n/-/i18n-4.2.4.tgz",
            "integrity": "sha512-36PnV7wTaLKCb+JZoapR3AtfrLTluhO5bIR6cUTG+QBBJ+g3gjRAdNFihnV8kz66FANu8PqDMI0T1jow/mrbYw==",
            "requires": {
                "@babel/runtime": "^7.16.0",
                "@wordpress/hooks": "^3.2.2",
                "gettext-parser": "^1.3.1",
                "lodash": "^4.17.21",
                "memize": "^1.1.0",
                "sprintf-js": "^1.1.1",
                "tannin": "^1.2.0"
            },
            "dependencies": {
                "@wordpress/hooks": {
                    "version": "3.2.2",
                    "resolved": "https://registry.npmjs.org/@wordpress/hooks/-/hooks-3.2.2.tgz",
                    "integrity": "sha512-MlFWyu2ttJhmzDFBVWPRwZwIMqQdHFZTjFWFWm50NlzUzIJ3gEtNA95mHNtav1Fone24N+I2YkaYMNb6PEPTyA==",
                    "requires": {
                        "@babel/runtime": "^7.16.0"
                    }
                }
            }
        },
        "@wordpress/url": {
            "version": "3.3.1",
            "resolved": "https://registry.npmjs.org/@wordpress/url/-/url-3.3.1.tgz",
            "integrity": "sha512-lEuvkNjPoVuzYy0zn6n9gfMdNlHJW36EsPI2yDzMICjIAV5lRv1/uOg2Ls3lbDaRR2vm1FAiMpB2RAMzfR8Nfg==",
            "requires": {
                "@babel/runtime": "^7.16.0",
                "lodash": "^4.17.21"
            }
        },
        "encoding": {
            "version": "0.1.13",
            "resolved": "https://registry.npmjs.org/encoding/-/encoding-0.1.13.tgz",
            "integrity": "sha512-ETBauow1T35Y/WZMkio9jiM0Z5xjHHmJ4XmjZOq1l/dXz3lr2sRn87nJy20RupqSh1F2m3HHPSp8ShIPQJrJ3A==",
            "requires": {
                "iconv-lite": "^0.6.2"
            }
        },
        "gettext-parser": {
            "version": "1.4.0",
            "resolved": "https://registry.npmjs.org/gettext-parser/-/gettext-parser-1.4.0.tgz",
            "integrity": "sha512-sedZYLHlHeBop/gZ1jdg59hlUEcpcZJofLq2JFwJT1zTqAU3l2wFv6IsuwFHGqbiT9DWzMUW4/em2+hspnmMMA==",
            "requires": {
                "encoding": "^0.1.12",
                "safe-buffer": "^5.1.1"
            }
        },
        "iconv-lite": {
            "version": "0.6.3",
            "resolved": "https://registry.npmjs.org/iconv-lite/-/iconv-lite-0.6.3.tgz",
            "integrity": "sha512-4fCk79wshMdzMp2rH06qWrJE4iolqLhCUH+OiuIgU++RB0+94NlDL81atO7GX55uUKueo0txHNtvEyI6D7WdMw==",
            "requires": {
                "safer-buffer": ">= 2.1.2 < 3.0.0"
            }
        },
        "lodash": {
            "version": "4.17.21",
            "resolved": "https://registry.npmjs.org/lodash/-/lodash-4.17.21.tgz",
            "integrity": "sha512-v2kDEe57lecTulaDIuNTPy3Ry4gLGJ6Z1O3vE1krgXZNrsQ+LFTGHVxVjcXPs17LhbZVGedAJv8XZ1tvj5FvSg=="
        },
        "memize": {
            "version": "1.1.0",
            "resolved": "https://registry.npmjs.org/memize/-/memize-1.1.0.tgz",
            "integrity": "sha512-K4FcPETOMTwe7KL2LK0orMhpOmWD2wRGwWWpbZy0fyArwsyIKR8YJVz8+efBAh3BO4zPqlSICu4vsLTRRqtFAg=="
        },
        "regenerator-runtime": {
            "version": "0.13.9",
            "resolved": "https://registry.npmjs.org/regenerator-runtime/-/regenerator-runtime-0.13.9.tgz",
            "integrity": "sha512-p3VT+cOEgxFsRRA9X4lkI1E+k2/CtnKtU4gcxyaCUreilL/vqI6CdZ3wxVUx3UOUg+gnUOQQcRI7BmSI656MYA=="
        },
        "safe-buffer": {
            "version": "5.1.2",
            "resolved": "https://registry.npmjs.org/safe-buffer/-/safe-buffer-5.1.2.tgz",
            "integrity": "sha512-Gd2UZBJDkXlY7GbJxfsE8/nvKkUEU1G38c1siN6QP6a9PT9MmHB8GnpscSmMJSoF8LOIrt8ud/wPtojys4G6+g=="
        },
        "safer-buffer": {
            "version": "2.1.2",
            "resolved": "https://registry.npmjs.org/safer-buffer/-/safer-buffer-2.1.2.tgz",
            "integrity": "sha512-YZo3K82SD7Riyi0E1EQPojLz7kpepnSQI9IyPbHHg1XXXevb5dJI7tpyN2ADxGcQbHG7vcyRHk0cbwqcQriUtg=="
        },
        "sprintf-js": {
            "version": "1.1.2",
            "resolved": "https://registry.npmjs.org/sprintf-js/-/sprintf-js-1.1.2.tgz",
            "integrity": "sha512-VE0SOVEHCk7Qc8ulkWw3ntAzXuqf7S2lvwQaDLRnUeIEaKNQJzV6BwmLKhOqT61aGhfUMrXeaBk+oDGCzvhcug=="
        },
        "tannin": {
            "version": "1.2.0",
            "resolved": "https://registry.npmjs.org/tannin/-/tannin-1.2.0.tgz",
            "integrity": "sha512-U7GgX/RcSeUETbV7gYgoz8PD7Ni4y95pgIP/Z6ayI3CfhSujwKEBlGFTCRN+Aqnuyf4AN2yHL+L8x+TCGjb9uA==",
            "requires": {
                "@tannin/plural-forms": "^1.1.0"
            }
        }
    }
}
